
Microsoft Visual Studio Solution File, Format Version 12.00
# Visual Studio Version 16
VisualStudioVersion = 16.0.30503.244
MinimumVisualStudioVersion = 10.0.40219.1
Project("{FAE04EC0-301F-11D3-BF4B-00C04F79EFBC}") = "TestRepo", "TestRepo\TestRepo.csproj", "{BEA7BA14-6673-4175-B9D1-0F715224CF4B}"
EndProject
Global
	GlobalSection(SolutionConfigurationPlatforms) = preSolution
		Debug|Any CPU = Debug|Any CPU
		Release|Any CPU = Release|Any CPU
	EndGlobalSection
	GlobalSection(ProjectConfigurationPlatforms) = postSolution
		{BEA7BA14-6673-4175-B9D1-0F715224CF4B}.Debug|Any CPU.ActiveCfg = Debug|Any CPU
		{BEA7BA14-6673-4175-B9D1-0F715224CF4B}.Debug|Any CPU.Build.0 = Debug|Any CPU
		{BEA7BA14-6673-4175-B9D1-0F715224CF4B}.Release|Any CPU.ActiveCfg = Release|Any CPU
		{BEA7BA14-6673-4175-B9D1-0F715224CF4B}.Release|Any CPU.Build.0 = Release|Any CPU
	EndGlobalSection
	GlobalSection(SolutionProperties) = preSolution
		HideSolutionNode = FALSE
	EndGlobalSection
	GlobalSection(ExtensibilityGlobals) = postSolution
		SolutionGuid = {236A6799-4B0D-4D1C-8549-B394EC784F5F}
	EndGlobalSection
EndGlobal
